{
  "name": "my-workspaces-powered-project",
  "lockfileVersion": 3,
  "requires": true,
  "packages": {
    "": {
      "name": "my-workspaces-powered-project",
      "workspaces": [
        "workspace-a"
      ]
    },
    "node_modules/workspace-a": {
      "resolved": "workspace-a",
      "link": true
    },
    "workspace-a": {
      "version": "1.0.0",
      "license": "ISC"
    }
  }
}
